// !$*UTF8*$!
{
	archiveVersion = 1;
	classes = {
	};
	objectVersion = 46;
	objects = {

/* Begin PBXBuildFile section */
		0CFE65CA9F610B8138ED8C79 /* Pods_reminderSimpleTests.framework in Frameworks */ = {isa = PBXBuildFile; fileRef = 418171C1D5F4836664B16036 /* Pods_reminderSimpleTests.framework */; };
		36A0A3CF0D3CCE4452E01A62 /* Pods_reminderSimple.framework in Frameworks */ = {isa = PBXBuildFile; fileRef = 7EFA20211A5D788848F208C3 /* Pods_reminderSimple.framework */; };
		F21E4F471D3B877F00179FEE /* AppDelegate.swift in Sources */ = {isa = PBXBuildFile; fileRef = F21E4F461D3B877F00179FEE /* AppDelegate.swift */; };
		F21E4F491D3B877F00179FEE /* ViewController.swift in Sources */ = {isa = PBXBuildFile; fileRef = F21E4F481D3B877F00179FEE /* ViewController.swift */; };
		F21E4F4C1D3B877F00179FEE /* Main.storyboard in Resources */ = {isa = PBXBuildFile; fileRef = F21E4F4A1D3B877F00179FEE /* Main.storyboard */; };
		F21E4F4F1D3B877F00179FEE /* reminderSimple.xcdatamodeld in Sources */ = {isa = PBXBuildFile; fileRef = F21E4F4D1D3B877F00179FEE /* reminderSimple.xcdatamodeld */; };
		F21E4F511D3B877F00179FEE /* Assets.xcassets in Resources */ = {isa = PBXBuildFile; fileRef = F21E4F501D3B877F00179FEE /* Assets.xcassets */; };
		F21E4F541D3B877F00179FEE /* LaunchScreen.storyboard in Resources */ = {isa = PBXBuildFile; fileRef = F21E4F521D3B877F00179FEE /* LaunchScreen.storyboard */; };
		F21E4F5F1D3B878000179FEE /* reminderSimpleTests.swift in Sources */ = {isa = PBXBuildFile; fileRef = F21E4F5E1D3B878000179FEE /* reminderSimpleTests.swift */; };
		F21E4F6A1D3B878000179FEE /* reminderSimpleUITests.swift in Sources */ = {isa = PBXBuildFile; fileRef = F21E4F691D3B878000179FEE /* reminderSimpleUITests.swift */; };
		F21E4F781D3B90E300179FEE /* TableViewController.swift in Sources */ = {isa = PBXBuildFile; fileRef = F21E4F771D3B90E200179FEE /* TableViewController.swift */; };
		F222F1E51D93B9AA0099E9EF /* GoogleService-Info.plist in Resources */ = {isa = PBXBuildFile; fileRef = F222F1E41D93B9AA0099E9EF /* GoogleService-Info.plist */; };
		F222F1E61D93B9AA0099E9EF /* GoogleService-Info.plist in Resources */ = {isa = PBXBuildFile; fileRef = F222F1E41D93B9AA0099E9EF /* GoogleService-Info.plist */; };
		F222F1E71D93B9AA0099E9EF /* GoogleService-Info.plist in Resources */ = {isa = PBXBuildFile; fileRef = F222F1E41D93B9AA0099E9EF /* GoogleService-Info.plist */; };
		F23973071DAB839200D98975 /* CategoryModel.swift in Sources */ = {isa = PBXBuildFile; fileRef = F23973061DAB839200D98975 /* CategoryModel.swift */; };
		F23973091DAB854B00D98975 /* CategoryController.swift in Sources */ = {isa = PBXBuildFile; fileRef = F23973081DAB854B00D98975 /* CategoryController.swift */; };
		F2546E901DC0EAB200982671 /* CategoryTableViewController.swift in Sources */ = {isa = PBXBuildFile; fileRef = F2546E8F1DC0EAB200982671 /* CategoryTableViewController.swift */; };
		F2546E921DC0F2CB00982671 /* config.swift in Sources */ = {isa = PBXBuildFile; fileRef = F2546E911DC0F2CB00982671 /* config.swift */; };
		F27B7F231D83A2E400316D44 /* DetailViewController.swift in Sources */ = {isa = PBXBuildFile; fileRef = F27B7F221D83A2E400316D44 /* DetailViewController.swift */; };
		F28C8E101DCD958C0025364D /* MapPickerCategory.swift in Sources */ = {isa = PBXBuildFile; fileRef = F28C8E0F1DCD958C0025364D /* MapPickerCategory.swift */; };
		F29885191D86DF2300C89651 /* iAd.framework in Frameworks */ = {isa = PBXBuildFile; fileRef = F29885181D86DF2300C89651 /* iAd.framework */; };
		F2AC41801D61983E005A02C4 /* Design.swift in Sources */ = {isa = PBXBuildFile; fileRef = F2AC417F1D61983E005A02C4 /* Design.swift */; };
		F2B824331D746503007E4C50 /* ReminderModel.swift in Sources */ = {isa = PBXBuildFile; fileRef = F2B824321D746503007E4C50 /* ReminderModel.swift */; };
		F2F340A21DC48E5100AA9867 /* Category.swift in Sources */ = {isa = PBXBuildFile; fileRef = F2F340A11DC48E5100AA9867 /* Category.swift */; };
		FE12B62D81165E8008728C3A /* Pods_reminderSimpleUITests.framework in Frameworks */ = {isa = PBXBuildFile; fileRef = FA4D912B19D8E9CB8FBA66FB /* Pods_reminderSimpleUITests.framework */; };
/* End PBXBuildFile section */

/* Begin PBXContainerItemProxy section */
		F21E4F5B1D3B878000179FEE /* PBXContainerItemProxy */ = {
			isa = PBXContainerItemProxy;
			containerPortal = F21E4F3B1D3B877F00179FEE /* Project object */;
			proxyType = 1;
			remoteGlobalIDString = F21E4F421D3B877F00179FEE;
			remoteInfo = reminderSimple;
		};
		F21E4F661D3B878000179FEE /* PBXContainerItemProxy */ = {
			isa = PBXContainerItemProxy;
			containerPortal = F21E4F3B1D3B877F00179FEE /* Project object */;
			proxyType = 1;
			remoteGlobalIDString = F21E4F421D3B877F00179FEE;
			remoteInfo = reminderSimple;
		};
/* End PBXContainerItemProxy section */

/* Begin PBXFileReference section */
		0EAB0D3C177F312D48D88927 /* Pods-reminderSimpleTests.release.xcconfig */ = {isa = PBXFileReference; includeInIndex = 1; lastKnownFileType = text.xcconfig; name = "Pods-reminderSimpleTests.release.xcconfig"; path = "Pods/Target Support Files/Pods-reminderSimpleTests/Pods-reminderSimpleTests.release.xcconfig"; sourceTree = "<group>"; };
		418171C1D5F4836664B16036 /* Pods_reminderSimpleTests.framework */ = {isa = PBXFileReference; explicitFileType = wrapper.framework; includeInIndex = 0; path = Pods_reminderSimpleTests.framework; sourceTree = BUILT_PRODUCTS_DIR; };
		75E5376F6AB2A4DB9E313283 /* Pods-reminderSimple.release.xcconfig */ = {isa = PBXFileReference; includeInIndex = 1; lastKnownFileType = text.xcconfig; name = "Pods-reminderSimple.release.xcconfig"; path = "Pods/Target Support Files/Pods-reminderSimple/Pods-reminderSimple.release.xcconfig"; sourceTree = "<group>"; };
		7EFA20211A5D788848F208C3 /* Pods_reminderSimple.framework */ = {isa = PBXFileReference; explicitFileType = wrapper.framework; includeInIndex = 0; path = Pods_reminderSimple.framework; sourceTree = BUILT_PRODUCTS_DIR; };
		C1014A11594388A0F7864510 /* Pods-reminderSimple.debug.xcconfig */ = {isa = PBXFileReference; includeInIndex = 1; lastKnownFileType = text.xcconfig; name = "Pods-reminderSimple.debug.xcconfig"; path = "Pods/Target Support Files/Pods-reminderSimple/Pods-reminderSimple.debug.xcconfig"; sourceTree = "<group>"; };
		D6DE4CE8092179466085E422 /* Pods-reminderSimpleTests.debug.xcconfig */ = {isa = PBXFileReference; includeInIndex = 1; lastKnownFileType = text.xcconfig; name = "Pods-reminderSimpleTests.debug.xcconfig"; path = "Pods/Target Support Files/Pods-reminderSimpleTests/Pods-reminderSimpleTests.debug.xcconfig"; sourceTree = "<group>"; };
		E5CB87D5FFC22C86287EB2CB /* Pods-reminderSimpleUITests.release.xcconfig */ = {isa = PBXFileReference; includeInIndex = 1; lastKnownFileType = text.xcconfig; name = "Pods-reminderSimpleUITests.release.xcconfig"; path = "Pods/Target Support Files/Pods-reminderSimpleUITests/Pods-reminderSimpleUITests.release.xcconfig"; sourceTree = "<group>"; };
		F21E4F431D3B877F00179FEE /* reminderSimple.app */ = {isa = PBXFileReference; explicitFileType = wrapper.application; includeInIndex = 0; path = reminderSimple.app; sourceTree = BUILT_PRODUCTS_DIR; };
		F21E4F461D3B877F00179FEE /* AppDelegate.swift */ = {isa = PBXFileReference; lastKnownFileType = sourcecode.swift; path = AppDelegate.swift; sourceTree = "<group>"; };
		F21E4F481D3B877F00179FEE /* ViewController.swift */ = {isa = PBXFileReference; lastKnownFileType = sourcecode.swift; path = ViewController.swift; sourceTree = "<group>"; };
		F21E4F4B1D3B877F00179FEE /* Base */ = {isa = PBXFileReference; lastKnownFileType = file.storyboard; name = Base; path = Base.lproj/Main.storyboard; sourceTree = "<group>"; };
		F21E4F4E1D3B877F00179FEE /* reminderSimple.xcdatamodel */ = {isa = PBXFileReference; lastKnownFileType = wrapper.xcdatamodel; path = reminderSimple.xcdatamodel; sourceTree = "<group>"; };
		F21E4F501D3B877F00179FEE /* Assets.xcassets */ = {isa = PBXFileReference; lastKnownFileType = folder.assetcatalog; path = Assets.xcassets; sourceTree = "<group>"; };
		F21E4F531D3B877F00179FEE /* Base */ = {isa = PBXFileReference; lastKnownFileType = file.storyboard; name = Base; path = Base.lproj/LaunchScreen.storyboard; sourceTree = "<group>"; };
		F21E4F551D3B877F00179FEE /* Info.plist */ = {isa = PBXFileReference; lastKnownFileType = text.plist.xml; path = Info.plist; sourceTree = "<group>"; };
		F21E4F5A1D3B878000179FEE /* reminderSimpleTests.xctest */ = {isa = PBXFileReference; explicitFileType = wrapper.cfbundle; includeInIndex = 0; path = reminderSimpleTests.xctest; sourceTree = BUILT_PRODUCTS_DIR; };
		F21E4F5E1D3B878000179FEE /* reminderSimpleTests.swift */ = {isa = PBXFileReference; lastKnownFileType = sourcecode.swift; path = reminderSimpleTests.swift; sourceTree = "<group>"; };
		F21E4F601D3B878000179FEE /* Info.plist */ = {isa = PBXFileReference; lastKnownFileType = text.plist.xml; path = Info.plist; sourceTree = "<group>"; };
		F21E4F651D3B878000179FEE /* reminderSimpleUITests.xctest */ = {isa = PBXFileReference; explicitFileType = wrapper.cfbundle; includeInIndex = 0; path = reminderSimpleUITests.xctest; sourceTree = BUILT_PRODUCTS_DIR; };
		F21E4F691D3B878000179FEE /* reminderSimpleUITests.swift */ = {isa = PBXFileReference; lastKnownFileType = sourcecode.swift; path = reminderSimpleUITests.swift; sourceTree = "<group>"; };
		F21E4F6B1D3B878000179FEE /* Info.plist */ = {isa = PBXFileReference; lastKnownFileType = text.plist.xml; path = Info.plist; sourceTree = "<group>"; };
		F21E4F771D3B90E200179FEE /* TableViewController.swift */ = {isa = PBXFileReference; fileEncoding = 4; lastKnownFileType = sourcecode.swift; path = TableViewController.swift; sourceTree = "<group>"; };
		F222F1E41D93B9AA0099E9EF /* GoogleService-Info.plist */ = {isa = PBXFileReference; fileEncoding = 4; lastKnownFileType = text.plist.xml; name = "GoogleService-Info.plist"; path = "../../../../../Volumes/BuffaloHD/Downloads/GoogleService-Info.plist"; sourceTree = "<group>"; };
		F23973061DAB839200D98975 /* CategoryModel.swift */ = {isa = PBXFileReference; fileEncoding = 4; lastKnownFileType = sourcecode.swift; path = CategoryModel.swift; sourceTree = "<group>"; };
		F23973081DAB854B00D98975 /* CategoryController.swift */ = {isa = PBXFileReference; fileEncoding = 4; lastKnownFileType = sourcecode.swift; path = CategoryController.swift; sourceTree = "<group>"; };
		F2546E8F1DC0EAB200982671 /* CategoryTableViewController.swift */ = {isa = PBXFileReference; fileEncoding = 4; lastKnownFileType = sourcecode.swift; path = CategoryTableViewController.swift; sourceTree = "<group>"; };
		F2546E911DC0F2CB00982671 /* config.swift */ = {isa = PBXFileReference; fileEncoding = 4; lastKnownFileType = sourcecode.swift; path = config.swift; sourceTree = "<group>"; };
		F27B7F221D83A2E400316D44 /* DetailViewController.swift */ = {isa = PBXFileReference; fileEncoding = 4; lastKnownFileType = sourcecode.swift; name = DetailViewController.swift; path = ../DetailViewController.swift; sourceTree = "<group>"; };
		F28C8E0F1DCD958C0025364D /* MapPickerCategory.swift */ = {isa = PBXFileReference; fileEncoding = 4; lastKnownFileType = sourcecode.swift; path = MapPickerCategory.swift; sourceTree = "<group>"; };
		F29885181D86DF2300C89651 /* iAd.framework */ = {isa = PBXFileReference; lastKnownFileType = wrapper.framework; name = iAd.framework; path = System/Library/Frameworks/iAd.framework; sourceTree = SDKROOT; };
		F2AC417F1D61983E005A02C4 /* Design.swift */ = {isa = PBXFileReference; fileEncoding = 4; lastKnownFileType = sourcecode.swift; path = Design.swift; sourceTree = "<group>"; };
		F2B824321D746503007E4C50 /* ReminderModel.swift */ = {isa = PBXFileReference; fileEncoding = 4; lastKnownFileType = sourcecode.swift; path = ReminderModel.swift; sourceTree = "<group>"; };
		F2F340A11DC48E5100AA9867 /* Category.swift */ = {isa = PBXFileReference; fileEncoding = 4; lastKnownFileType = sourcecode.swift; path = Category.swift; sourceTree = "<group>"; };
		FA4D912B19D8E9CB8FBA66FB /* Pods_reminderSimpleUITests.framework */ = {isa = PBXFileReference; explicitFileType = wrapper.framework; includeInIndex = 0; path = Pods_reminderSimpleUITests.framework; sourceTree = BUILT_PRODUCTS_DIR; };
		FFF0D60E407C07AE0C3EFE61 /* Pods-reminderSimpleUITests.debug.xcconfig */ = {isa = PBXFileReference; includeInIndex = 1; lastKnownFileType = text.xcconfig; name = "Pods-reminderSimpleUITests.debug.xcconfig"; path = "Pods/Target Support Files/Pods-reminderSimpleUITests/Pods-reminderSimpleUITests.debug.xcconfig"; sourceTree = "<group>"; };
/* End PBXFileReference section */

/* Begin PBXFrameworksBuildPhase section */
		F21E4F401D3B877F00179FEE /* Frameworks */ = {
			isa = PBXFrameworksBuildPhase;
			buildActionMask = 2147483647;
			files = (
				F29885191D86DF2300C89651 /* iAd.framework in Frameworks */,
				36A0A3CF0D3CCE4452E01A62 /* Pods_reminderSimple.framework in Frameworks */,
			);
			runOnlyForDeploymentPostprocessing = 0;
		};
		F21E4F571D3B878000179FEE /* Frameworks */ = {
			isa = PBXFrameworksBuildPhase;
			buildActionMask = 2147483647;
			files = (
				0CFE65CA9F610B8138ED8C79 /* Pods_reminderSimpleTests.framework in Frameworks */,
			);
			runOnlyForDeploymentPostprocessing = 0;
		};
		F21E4F621D3B878000179FEE /* Frameworks */ = {
			isa = PBXFrameworksBuildPhase;
			buildActionMask = 2147483647;
			files = (
				FE12B62D81165E8008728C3A /* Pods_reminderSimpleUITests.framework in Frameworks */,
			);
			runOnlyForDeploymentPostprocessing = 0;
		};
/* End PBXFrameworksBuildPhase section */

/* Begin PBXGroup section */
		0AD9F08DB47267FDD24536DE /* Frameworks */ = {
			isa = PBXGroup;
			children = (
				F29885181D86DF2300C89651 /* iAd.framework */,
				7EFA20211A5D788848F208C3 /* Pods_reminderSimple.framework */,
				418171C1D5F4836664B16036 /* Pods_reminderSimpleTests.framework */,
				FA4D912B19D8E9CB8FBA66FB /* Pods_reminderSimpleUITests.framework */,
			);
			name = Frameworks;
			sourceTree = "<group>";
		};
		271196F99D5ED1B3D1DC382E /* Pods */ = {
			isa = PBXGroup;
			children = (
				C1014A11594388A0F7864510 /* Pods-reminderSimple.debug.xcconfig */,
				75E5376F6AB2A4DB9E313283 /* Pods-reminderSimple.release.xcconfig */,
				D6DE4CE8092179466085E422 /* Pods-reminderSimpleTests.debug.xcconfig */,
				0EAB0D3C177F312D48D88927 /* Pods-reminderSimpleTests.release.xcconfig */,
				FFF0D60E407C07AE0C3EFE61 /* Pods-reminderSimpleUITests.debug.xcconfig */,
				E5CB87D5FFC22C86287EB2CB /* Pods-reminderSimpleUITests.release.xcconfig */,
			);
			name = Pods;
			sourceTree = "<group>";
		};
		F21E4F3A1D3B877F00179FEE = {
			isa = PBXGroup;
			children = (
				F222F1E41D93B9AA0099E9EF /* GoogleService-Info.plist */,
				F21E4F451D3B877F00179FEE /* reminderSimple */,
				F21E4F5D1D3B878000179FEE /* reminderSimpleTests */,
				F21E4F681D3B878000179FEE /* reminderSimpleUITests */,
				F21E4F441D3B877F00179FEE /* Products */,
				271196F99D5ED1B3D1DC382E /* Pods */,
				0AD9F08DB47267FDD24536DE /* Frameworks */,
			);
			sourceTree = "<group>";
		};
		F21E4F441D3B877F00179FEE /* Products */ = {
			isa = PBXGroup;
			children = (
				F21E4F431D3B877F00179FEE /* reminderSimple.app */,
				F21E4F5A1D3B878000179FEE /* reminderSimpleTests.xctest */,
				F21E4F651D3B878000179FEE /* reminderSimpleUITests.xctest */,
			);
			name = Products;
			sourceTree = "<group>";
		};
		F21E4F451D3B877F00179FEE /* reminderSimple */ = {
			isa = PBXGroup;
			children = (
				F27B7F221D83A2E400316D44 /* DetailViewController.swift */,
				F28C8E0F1DCD958C0025364D /* MapPickerCategory.swift */,
				F2F340A11DC48E5100AA9867 /* Category.swift */,
				F2546E911DC0F2CB00982671 /* config.swift */,
				F21E4F461D3B877F00179FEE /* AppDelegate.swift */,
				F2B824321D746503007E4C50 /* ReminderModel.swift */,
				F23973061DAB839200D98975 /* CategoryModel.swift */,
				F21E4F481D3B877F00179FEE /* ViewController.swift */,
				F21E4F4A1D3B877F00179FEE /* Main.storyboard */,
				F23973081DAB854B00D98975 /* CategoryController.swift */,
				F21E4F771D3B90E200179FEE /* TableViewController.swift */,
				F2546E8F1DC0EAB200982671 /* CategoryTableViewController.swift */,
				F21E4F501D3B877F00179FEE /* Assets.xcassets */,
				F21E4F521D3B877F00179FEE /* LaunchScreen.storyboard */,
				F21E4F551D3B877F00179FEE /* Info.plist */,
				F21E4F4D1D3B877F00179FEE /* reminderSimple.xcdatamodeld */,
				F2AC417F1D61983E005A02C4 /* Design.swift */,
			);
			path = reminderSimple;
			sourceTree = "<group>";
		};
		F21E4F5D1D3B878000179FEE /* reminderSimpleTests */ = {
			isa = PBXGroup;
			children = (
				F21E4F5E1D3B878000179FEE /* reminderSimpleTests.swift */,
				F21E4F601D3B878000179FEE /* Info.plist */,
			);
			path = reminderSimpleTests;
			sourceTree = "<group>";
		};
		F21E4F681D3B878000179FEE /* reminderSimpleUITests */ = {
			isa = PBXGroup;
			children = (
				F21E4F691D3B878000179FEE /* reminderSimpleUITests.swift */,
				F21E4F6B1D3B878000179FEE /* Info.plist */,
			);
			path = reminderSimpleUITests;
			sourceTree = "<group>";
		};
/* End PBXGroup section */

/* Begin PBXNativeTarget section */
		F21E4F421D3B877F00179FEE /* reminderSimple */ = {
			isa = PBXNativeTarget;
			buildConfigurationList = F21E4F6E1D3B878000179FEE /* Build configuration list for PBXNativeTarget "reminderSimple" */;
			buildPhases = (
				7AB5BD708C7E5448B34B0931 /* [CP] Check Pods Manifest.lock */,
				F21E4F3F1D3B877F00179FEE /* Sources */,
				F21E4F401D3B877F00179FEE /* Frameworks */,
				F21E4F411D3B877F00179FEE /* Resources */,
				EADA5D7A62D0BBB7B2C56E91 /* [CP] Embed Pods Frameworks */,
				51ECA750F1E01AFF81EA237C /* [CP] Copy Pods Resources */,
			);
			buildRules = (
			);
			dependencies = (
			);
			name = reminderSimple;
			productName = reminderSimple;
			productReference = F21E4F431D3B877F00179FEE /* reminderSimple.app */;
			productType = "com.apple.product-type.application";
		};
		F21E4F591D3B878000179FEE /* reminderSimpleTests */ = {
			isa = PBXNativeTarget;
			buildConfigurationList = F21E4F711D3B878000179FEE /* Build configuration list for PBXNativeTarget "reminderSimpleTests" */;
			buildPhases = (
				8BFEC0D72C0EF1C09E76AAC7 /* [CP] Check Pods Manifest.lock */,
				F21E4F561D3B878000179FEE /* Sources */,
				F21E4F571D3B878000179FEE /* Frameworks */,
				F21E4F581D3B878000179FEE /* Resources */,
				C7E95D9587B05345CA48EA35 /* [CP] Embed Pods Frameworks */,
				9521596541B2256E0F1D9830 /* [CP] Copy Pods Resources */,
			);
			buildRules = (
			);
			dependencies = (
				F21E4F5C1D3B878000179FEE /* PBXTargetDependency */,
			);
			name = reminderSimpleTests;
			productName = reminderSimpleTests;
			productReference = F21E4F5A1D3B878000179FEE /* reminderSimpleTests.xctest */;
			productType = "com.apple.product-type.bundle.unit-test";
		};
		F21E4F641D3B878000179FEE /* reminderSimpleUITests */ = {
			isa = PBXNativeTarget;
			buildConfigurationList = F21E4F741D3B878000179FEE /* Build configuration list for PBXNativeTarget "reminderSimpleUITests" */;
			buildPhases = (
				66103CD3FD1BEFD37CBCD32E /* [CP] Check Pods Manifest.lock */,
				F21E4F611D3B878000179FEE /* Sources */,
				F21E4F621D3B878000179FEE /* Frameworks */,
				F21E4F631D3B878000179FEE /* Resources */,
				9D24169D5FBC3A0E7E6BBEDB /* [CP] Copy Pods Resources */,
			);
			buildRules = (
			);
			dependencies = (
				F21E4F671D3B878000179FEE /* PBXTargetDependency */,
			);
			name = reminderSimpleUITests;
			productName = reminderSimpleUITests;
			productReference = F21E4F651D3B878000179FEE /* reminderSimpleUITests.xctest */;
			productType = "com.apple.product-type.bundle.ui-testing";
		};
/* End PBXNativeTarget section */

/* Begin PBXProject section */
		F21E4F3B1D3B877F00179FEE /* Project object */ = {
			isa = PBXProject;
			attributes = {
				LastSwiftUpdateCheck = 0730;
				LastUpgradeCheck = 0800;
				ORGANIZATIONNAME = hiroshiyoneda;
				TargetAttributes = {
					F21E4F421D3B877F00179FEE = {
						CreatedOnToolsVersion = 7.3.1;
						DevelopmentTeam = QAC2JLAP36;
						LastSwiftMigration = 0800;
					};
					F21E4F591D3B878000179FEE = {
						CreatedOnToolsVersion = 7.3.1;
						LastSwiftMigration = 0800;
						TestTargetID = F21E4F421D3B877F00179FEE;
					};
					F21E4F641D3B878000179FEE = {
						CreatedOnToolsVersion = 7.3.1;
						LastSwiftMigration = 0800;
						TestTargetID = F21E4F421D3B877F00179FEE;
					};
				};
			};
			buildConfigurationList = F21E4F3E1D3B877F00179FEE /* Build configuration list for PBXProject "reminderSimple" */;
			compatibilityVersion = "Xcode 3.2";
			developmentRegion = English;
			hasScannedForEncodings = 0;
			knownRegions = (
				en,
				Base,
			);
			mainGroup = F21E4F3A1D3B877F00179FEE;
			productRefGroup = F21E4F441D3B877F00179FEE /* Products */;
			projectDirPath = "";
			projectRoot = "";
			targets = (
				F21E4F421D3B877F00179FEE /* reminderSimple */,
				F21E4F591D3B878000179FEE /* reminderSimpleTests */,
				F21E4F641D3B878000179FEE /* reminderSimpleUITests */,
			);
		};
/* End PBXProject section */

/* Begin PBXResourcesBuildPhase section */
		F21E4F411D3B877F00179FEE /* Resources */ = {
			isa = PBXResourcesBuildPhase;
			buildActionMask = 2147483647;
			files = (
				F21E4F541D3B877F00179FEE /* LaunchScreen.storyboard in Resources */,
				F222F1E51D93B9AA0099E9EF /* GoogleService-Info.plist in Resources */,
				F21E4F511D3B877F00179FEE /* Assets.xcassets in Resources */,
				F21E4F4C1D3B877F00179FEE /* Main.storyboard in Resources */,
			);
			runOnlyForDeploymentPostprocessing = 0;
		};
		F21E4F581D3B878000179FEE /* Resources */ = {
			isa = PBXResourcesBuildPhase;
			buildActionMask = 2147483647;
			files = (
				F222F1E61D93B9AA0099E9EF /* GoogleService-Info.plist in Resources */,
			);
			runOnlyForDeploymentPostprocessing = 0;
		};
		F21E4F631D3B878000179FEE /* Resources */ = {
			isa = PBXResourcesBuildPhase;
			buildActionMask = 2147483647;
			files = (
				F222F1E71D93B9AA0099E9EF /* GoogleService-Info.plist in Resources */,
			);
			runOnlyForDeploymentPostprocessing = 0;
		};
/* End PBXResourcesBuildPhase section */

/* Begin PBXShellScriptBuildPhase section */
		51ECA750F1E01AFF81EA237C /* [CP] Copy Pods Resources */ = {
			isa = PBXShellScriptBuildPhase;
			buildActionMask = 2147483647;
			files = (
			);
			inputPaths = (
			);
			name = "[CP] Copy Pods Resources";
			outputPaths = (
			);
			runOnlyForDeploymentPostprocessing = 0;
			shellPath = /bin/sh;
			shellScript = "\"${SRCROOT}/Pods/Target Support Files/Pods-reminderSimple/Pods-reminderSimple-resources.sh\"\n";
			showEnvVarsInLog = 0;
		};
		66103CD3FD1BEFD37CBCD32E /* [CP] Check Pods Manifest.lock */ = {
			isa = PBXShellScriptBuildPhase;
			buildActionMask = 2147483647;
			files = (
			);
			inputPaths = (
			);
			name = "[CP] Check Pods Manifest.lock";
			outputPaths = (
			);
			runOnlyForDeploymentPostprocessing = 0;
			shellPath = /bin/sh;
			shellScript = "diff \"${PODS_ROOT}/../Podfile.lock\" \"${PODS_ROOT}/Manifest.lock\" > /dev/null\nif [[ $? != 0 ]] ; then\n    cat << EOM\nerror: The sandbox is not in sync with the Podfile.lock. Run 'pod install' or update your CocoaPods installation.\nEOM\n    exit 1\nfi\n";
			showEnvVarsInLog = 0;
		};
		7AB5BD708C7E5448B34B0931 /* [CP] Check Pods Manifest.lock */ = {
			isa = PBXShellScriptBuildPhase;
			buildActionMask = 2147483647;
			files = (
			);
			inputPaths = (
			);
			name = "[CP] Check Pods Manifest.lock";
			outputPaths = (
			);
			runOnlyForDeploymentPostprocessing = 0;
			shellPath = /bin/sh;
			shellScript = "diff \"${PODS_ROOT}/../Podfile.lock\" \"${PODS_ROOT}/Manifest.lock\" > /dev/null\nif [[ $? != 0 ]] ; then\n    cat << EOM\nerror: The sandbox is not in sync with the Podfile.lock. Run 'pod install' or update your CocoaPods installation.\nEOM\n    exit 1\nfi\n";
			showEnvVarsInLog = 0;
		};
		8BFEC0D72C0EF1C09E76AAC7 /* [CP] Check Pods Manifest.lock */ = {
			isa = PBXShellScriptBuildPhase;
			buildActionMask = 2147483647;
			files = (
			);
			inputPaths = (
			);
			name = "[CP] Check Pods Manifest.lock";
			outputPaths = (
			);
			runOnlyForDeploymentPostprocessing = 0;
			shellPath = /bin/sh;
			shellScript = "diff \"${PODS_ROOT}/../Podfile.lock\" \"${PODS_ROOT}/Manifest.lock\" > /dev/null\nif [[ $? != 0 ]] ; then\n    cat << EOM\nerror: The sandbox is not in sync with the Podfile.lock. Run 'pod install' or update your CocoaPods installation.\nEOM\n    exit 1\nfi\n";
			showEnvVarsInLog = 0;
		};
		9521596541B2256E0F1D9830 /* [CP] Copy Pods Resources */ = {
			isa = PBXShellScriptBuildPhase;
			buildActionMask = 2147483647;
			files = (
			);
			inputPaths = (
			);
			name = "[CP] Copy Pods Resources";
			outputPaths = (
			);
			runOnlyForDeploymentPostprocessing = 0;
			shellPath = /bin/sh;
			shellScript = "\"${SRCROOT}/Pods/Target Support Files/Pods-reminderSimpleTests/Pods-reminderSimpleTests-resources.sh\"\n";
			showEnvVarsInLog = 0;
		};
		9D24169D5FBC3A0E7E6BBEDB /* [CP] Copy Pods Resources */ = {
			isa = PBXShellScriptBuildPhase;
			buildActionMask = 2147483647;
			files = (
			);
			inputPaths = (
			);
			name = "[CP] Copy Pods Resources";
			outputPaths = (
			);
			runOnlyForDeploymentPostprocessing = 0;
			shellPath = /bin/sh;
			shellScript = "\"${SRCROOT}/Pods/Target Support Files/Pods-reminderSimpleUITests/Pods-reminderSimpleUITests-resources.sh\"\n";
			showEnvVarsInLog = 0;
		};
		C7E95D9587B05345CA48EA35 /* [CP] Embed Pods Frameworks */ = {
			isa = PBXShellScriptBuildPhase;
			buildActionMask = 2147483647;
			files = (
			);
			inputPaths = (
			);
			name = "[CP] Embed Pods Frameworks";
			outputPaths = (
			);
			runOnlyForDeploymentPostprocessing = 0;
			shellPath = /bin/sh;
			shellScript = "\"${SRCROOT}/Pods/Target Support Files/Pods-reminderSimpleTests/Pods-reminderSimpleTests-frameworks.sh\"\n";
			showEnvVarsInLog = 0;
		};
		EADA5D7A62D0BBB7B2C56E91 /* [CP] Embed Pods Frameworks */ = {
			isa = PBXShellScriptBuildPhase;
			buildActionMask = 2147483647;
			files = (
			);
			inputPaths = (
			);
			name = "[CP] Embed Pods Frameworks";
			outputPaths = (
			);
			runOnlyForDeploymentPostprocessing = 0;
			shellPath = /bin/sh;
			shellScript = "\"${SRCROOT}/Pods/Target Support Files/Pods-reminderSimple/Pods-reminderSimple-frameworks.sh\"\n";
			showEnvVarsInLog = 0;
		};
/* End PBXShellScriptBuildPhase section */

/* Begin PBXSourcesBuildPhase section */
		F21E4F3F1D3B877F00179FEE /* Sources */ = {
			isa = PBXSourcesBuildPhase;
			buildActionMask = 2147483647;
			files = (
				F21E4F4F1D3B877F00179FEE /* reminderSimple.xcdatamodeld in Sources */,
				F28C8E101DCD958C0025364D /* MapPickerCategory.swift in Sources */,
				F23973091DAB854B00D98975 /* CategoryController.swift in Sources */,
				F21E4F491D3B877F00179FEE /* ViewController.swift in Sources */,
				F21E4F471D3B877F00179FEE /* AppDelegate.swift in Sources */,
				F2546E901DC0EAB200982671 /* CategoryTableViewController.swift in Sources */,
				F21E4F781D3B90E300179FEE /* TableViewController.swift in Sources */,
				F2AC41801D61983E005A02C4 /* Design.swift in Sources */,
				F2B824331D746503007E4C50 /* ReminderModel.swift in Sources */,
				F2F340A21DC48E5100AA9867 /* Category.swift in Sources */,
				F2546E921DC0F2CB00982671 /* config.swift in Sources */,
				F23973071DAB839200D98975 /* CategoryModel.swift in Sources */,
				F27B7F231D83A2E400316D44 /* DetailViewController.swift in Sources */,
			);
			runOnlyForDeploymentPostprocessing = 0;
		};
		F21E4F561D3B878000179FEE /* Sources */ = {
			isa = PBXSourcesBuildPhase;
			buildActionMask = 2147483647;
			files = (
				F21E4F5F1D3B878000179FEE /* reminderSimpleTests.swift in Sources */,
			);
			runOnlyForDeploymentPostprocessing = 0;
		};
		F21E4F611D3B878000179FEE /* Sources */ = {
			isa = PBXSourcesBuildPhase;
			buildActionMask = 2147483647;
			files = (
				F21E4F6A1D3B878000179FEE /* reminderSimpleUITests.swift in Sources */,
			);
			runOnlyForDeploymentPostprocessing = 0;
		};
/* End PBXSourcesBuildPhase section */

/* Begin PBXTargetDependency section */
		F21E4F5C1D3B878000179FEE /* PBXTargetDependency */ = {
			isa = PBXTargetDependency;
			target = F21E4F421D3B877F00179FEE /* reminderSimple */;
			targetProxy = F21E4F5B1D3B878000179FEE /* PBXContainerItemProxy */;
		};
		F21E4F671D3B878000179FEE /* PBXTargetDependency */ = {
			isa = PBXTargetDependency;
			target = F21E4F421D3B877F00179FEE /* reminderSimple */;
			targetProxy = F21E4F661D3B878000179FEE /* PBXContainerItemProxy */;
		};
/* End PBXTargetDependency section */

/* Begin PBXVariantGroup section */
		F21E4F4A1D3B877F00179FEE /* Main.storyboard */ = {
			isa = PBXVariantGroup;
			children = (
				F21E4F4B1D3B877F00179FEE /* Base */,
			);
			name = Main.storyboard;
			sourceTree = "<group>";
		};
		F21E4F521D3B877F00179FEE /* LaunchScreen.storyboard */ = {
			isa = PBXVariantGroup;
			children = (
				F21E4F531D3B877F00179FEE /* Base */,
			);
			name = LaunchScreen.storyboard;
			sourceTree = "<group>";
		};
/* End PBXVariantGroup section */

/* Begin XCBuildConfiguration section */
		F21E4F6C1D3B878000179FEE /* Debug */ = {
			isa = XCBuildConfiguration;
			buildSettings = {
				ALWAYS_SEARCH_USER_PATHS = NO;
				CLANG_ANALYZER_NONNULL = YES;
				CLANG_CXX_LANGUAGE_STANDARD = "gnu++0x";
				CLANG_CXX_LIBRARY = "libc++";
				CLANG_ENABLE_MODULES = YES;
				CLANG_ENABLE_OBJC_ARC = YES;
				CLANG_WARN_BOOL_CONVERSION = YES;
				CLANG_WARN_CONSTANT_CONVERSION = YES;
				CLANG_WARN_DIRECT_OBJC_ISA_USAGE = YES_ERROR;
				CLANG_WARN_EMPTY_BODY = YES;
				CLANG_WARN_ENUM_CONVERSION = YES;
				CLANG_WARN_INFINITE_RECURSION = YES;
				CLANG_WARN_INT_CONVERSION = YES;
				CLANG_WARN_OBJC_ROOT_CLASS = YES_ERROR;
				CLANG_WARN_SUSPICIOUS_MOVE = YES;
				CLANG_WARN_UNREACHABLE_CODE = YES;
				CLANG_WARN__DUPLICATE_METHOD_MATCH = YES;
				"CODE_SIGN_IDENTITY[sdk=iphoneos*]" = "iPhone Developer";
				COPY_PHASE_STRIP = NO;
				DEBUG_INFORMATION_FORMAT = dwarf;
				ENABLE_STRICT_OBJC_MSGSEND = YES;
				ENABLE_TESTABILITY = YES;
				GCC_C_LANGUAGE_STANDARD = gnu99;
				GCC_DYNAMIC_NO_PIC = NO;
				GCC_NO_COMMON_BLOCKS = YES;
				GCC_OPTIMIZATION_LEVEL = 0;
				GCC_PREPROCESSOR_DEFINITIONS = (
					"DEBUG=1",
					"$(inherited)",
				);
				GCC_WARN_64_TO_32_BIT_CONVERSION = YES;
				GCC_WARN_ABOUT_RETURN_TYPE = YES_ERROR;
				GCC_WARN_UNDECLARED_SELECTOR = YES;
				GCC_WARN_UNINITIALIZED_AUTOS = YES_AGGRESSIVE;
				GCC_WARN_UNUSED_FUNCTION = YES;
				GCC_WARN_UNUSED_VARIABLE = YES;
				IPHONEOS_DEPLOYMENT_TARGET = 9.1;
				MTL_ENABLE_DEBUG_INFO = YES;
				ONLY_ACTIVE_ARCH = YES;
				SDKROOT = iphoneos;
				SWIFT_OPTIMIZATION_LEVEL = "-Onone";
			};
			name = Debug;
		};
		F21E4F6D1D3B878000179FEE /* Release */ = {
			isa = XCBuildConfiguration;
			buildSettings = {
				ALWAYS_SEARCH_USER_PATHS = NO;
				CLANG_ANALYZER_NONNULL = YES;
				CLANG_CXX_LANGUAGE_STANDARD = "gnu++0x";
				CLANG_CXX_LIBRARY = "libc++";
				CLANG_ENABLE_MODULES = YES;
				CLANG_ENABLE_OBJC_ARC = YES;
				CLANG_WARN_BOOL_CONVERSION = YES;
				CLANG_WARN_CONSTANT_CONVERSION = YES;
				CLANG_WARN_DIRECT_OBJC_ISA_USAGE = YES_ERROR;
				CLANG_WARN_EMPTY_BODY = YES;
				CLANG_WARN_ENUM_CONVERSION = YES;
				CLANG_WARN_INFINITE_RECURSION = YES;
				CLANG_WARN_INT_CONVERSION = YES;
				CLANG_WARN_OBJC_ROOT_CLASS = YES_ERROR;
				CLANG_WARN_SUSPICIOUS_MOVE = YES;
				CLANG_WARN_UNREACHABLE_CODE = YES;
				CLANG_WARN__DUPLICATE_METHOD_MATCH = YES;
				CODE_SIGN_IDENTITY = "iPhone Developer: hiroshi yoneda (MYAJKZCRP6)";
				"CODE_SIGN_IDENTITY[sdk=iphoneos*]" = "iPhone Developer";
				COPY_PHASE_STRIP = NO;
				DEBUG_INFORMATION_FORMAT = "dwarf-with-dsym";
				ENABLE_NS_ASSERTIONS = NO;
				ENABLE_STRICT_OBJC_MSGSEND = YES;
				GCC_C_LANGUAGE_STANDARD = gnu99;
				GCC_NO_COMMON_BLOCKS = YES;
				GCC_WARN_64_TO_32_BIT_CONVERSION = YES;
				GCC_WARN_ABOUT_RETURN_TYPE = YES_ERROR;
				GCC_WARN_UNDECLARED_SELECTOR = YES;
				GCC_WARN_UNINITIALIZED_AUTOS = YES_AGGRESSIVE;
				GCC_WARN_UNUSED_FUNCTION = YES;
				GCC_WARN_UNUSED_VARIABLE = YES;
				IPHONEOS_DEPLOYMENT_TARGET = 9.1;
				MTL_ENABLE_DEBUG_INFO = NO;
				PROVISIONING_PROFILE = "555f2c60-6f93-4409-baa2-4469a790d342";
				SDKROOT = iphoneos;
				SWIFT_OPTIMIZATION_LEVEL = "-Owholemodule";
				VALIDATE_PRODUCT = YES;
			};
			name = Release;
		};
		F21E4F6F1D3B878000179FEE /* Debug */ = {
			isa = XCBuildConfiguration;
			baseConfigurationReference = C1014A11594388A0F7864510 /* Pods-reminderSimple.debug.xcconfig */;
			buildSettings = {
				ALWAYS_EMBED_SWIFT_STANDARD_LIBRARIES = YES;
				ASSETCATALOG_COMPILER_APPICON_NAME = AppIcon;
				CODE_SIGN_IDENTITY = "iPhone Developer";
				"CODE_SIGN_IDENTITY[sdk=iphoneos*]" = "iPhone Developer";
				INFOPLIST_FILE = reminderSimple/Info.plist;
				LD_RUNPATH_SEARCH_PATHS = "$(inherited) @executable_path/Frameworks";
				PRODUCT_BUNDLE_IDENTIFIER = hiroshi.yoneda.reminderSimple;
				PRODUCT_NAME = "$(TARGET_NAME)";
				PROVISIONING_PROFILE = "";
				SWIFT_VERSION = 3.0;
			};
			name = Debug;
		};
		F21E4F701D3B878000179FEE /* Release */ = {
			isa = XCBuildConfiguration;
			baseConfigurationReference = 75E5376F6AB2A4DB9E313283 /* Pods-reminderSimple.release.xcconfig */;
			buildSettings = {
				ALWAYS_EMBED_SWIFT_STANDARD_LIBRARIES = YES;
				ASSETCATALOG_COMPILER_APPICON_NAME = AppIcon;
				CODE_SIGN_IDENTITY = "iPhone Developer";
				"CODE_SIGN_IDENTITY[sdk=iphoneos*]" = "iPhone Developer";
				INFOPLIST_FILE = reminderSimple/Info.plist;
				LD_RUNPATH_SEARCH_PATHS = "$(inherited) @executable_path/Frameworks";
				PRODUCT_BUNDLE_IDENTIFIER = hiroshi.yoneda.reminderSimple;
				PRODUCT_NAME = "$(TARGET_NAME)";
				PROVISIONING_PROFILE = "";
				SWIFT_VERSION = 3.0;
			};
			name = Release;
		};
		F21E4F721D3B878000179FEE /* Debug */ = {
			isa = XCBuildConfiguration;
			baseConfigurationReference = D6DE4CE8092179466085E422 /* Pods-reminderSimpleTests.debug.xcconfig */;
			buildSettings = {
				ALWAYS_EMBED_SWIFT_STANDARD_LIBRARIES = YES;
				BUNDLE_LOADER = "$(TEST_HOST)";
				INFOPLIST_FILE = reminderSimpleTests/Info.plist;
				LD_RUNPATH_SEARCH_PATHS = "$(inherited) @executable_path/Frameworks @loader_path/Frameworks";
				PRODUCT_BUNDLE_IDENTIFIER = hiroshi.yoneda.reminderSimpleTests;
				PRODUCT_NAME = "$(TARGET_NAME)";
				SWIFT_VERSION = 3.0;
				TEST_HOST = "$(BUILT_PRODUCTS_DIR)/reminderSimple.app/reminderSimple";
			};
			name = Debug;
		};
		F21E4F731D3B878000179FEE /* Release */ = {
			isa = XCBuildConfiguration;
			baseConfigurationReference = 0EAB0D3C177F312D48D88927 /* Pods-reminderSimpleTests.release.xcconfig */;
			buildSettings = {
				ALWAYS_EMBED_SWIFT_STANDARD_LIBRARIES = YES;
				BUNDLE_LOADER = "$(TEST_HOST)";
				INFOPLIST_FILE = reminderSimpleTests/Info.plist;
				LD_RUNPATH_SEARCH_PATHS = "$(inherited) @executable_path/Frameworks @loader_path/Frameworks";
				PRODUCT_BUNDLE_IDENTIFIER = hiroshi.yoneda.reminderSimpleTests;
				PRODUCT_NAME = "$(TARGET_NAME)";
				SWIFT_VERSION = 3.0;
				TEST_HOST = "$(BUILT_PRODUCTS_DIR)/reminderSimple.app/reminderSimple";
			};
			name = Release;
		};
		F21E4F751D3B878000179FEE /* Debug */ = {
			isa = XCBuildConfiguration;
			baseConfigurationReference = FFF0D60E407C07AE0C3EFE61 /* Pods-reminderSimpleUITests.debug.xcconfig */;
			buildSettings = {
				INFOPLIST_FILE = reminderSimpleUITests/Info.plist;
				LD_RUNPATH_SEARCH_PATHS = "$(inherited) @executable_path/Frameworks @loader_path/Frameworks";
				PRODUCT_BUNDLE_IDENTIFIER = hiroshi.yoneda.reminderSimpleUITests;
				PRODUCT_NAME = "$(TARGET_NAME)";
				SWIFT_VERSION = 3.0;
				TEST_TARGET_NAME = reminderSimple;
			};
			name = Debug;
		};
		F21E4F761D3B878000179FEE /* Release */ = {
			isa = XCBuildConfiguration;
			baseConfigurationReference = E5CB87D5FFC22C86287EB2CB /* Pods-reminderSimpleUITests.release.xcconfig */;
			buildSettings = {
				INFOPLIST_FILE = reminderSimpleUITests/Info.plist;
				LD_RUNPATH_SEARCH_PATHS = "$(inherited) @executable_path/Frameworks @loader_path/Frameworks";
				PRODUCT_BUNDLE_IDENTIFIER = hiroshi.yoneda.reminderSimpleUITests;
				PRODUCT_NAME = "$(TARGET_NAME)";
				SWIFT_VERSION = 3.0;
				TEST_TARGET_NAME = reminderSimple;
			};
			name = Release;
		};
/* End XCBuildConfiguration section */

/* Begin XCConfigurationList section */
		F21E4F3E1D3B877F00179FEE /* Build configuration list for PBXProject "reminderSimple" */ = {
			isa = XCConfigurationList;
			buildConfigurations = (
				F21E4F6C1D3B878000179FEE /* Debug */,
				F21E4F6D1D3B878000179FEE /* Release */,
			);
			defaultConfigurationIsVisible = 0;
			defaultConfigurationName = Release;
		};
		F21E4F6E1D3B878000179FEE /* Build configuration list for PBXNativeTarget "reminderSimple" */ = {
			isa = XCConfigurationList;
			buildConfigurations = (
				F21E4F6F1D3B878000179FEE /* Debug */,
				F21E4F701D3B878000179FEE /* Release */,
			);
			defaultConfigurationIsVisible = 0;
			defaultConfigurationName = Release;
		};
		F21E4F711D3B878000179FEE /* Build configuration list for PBXNativeTarget "reminderSimpleTests" */ = {
			isa = XCConfigurationList;
			buildConfigurations = (
				F21E4F721D3B878000179FEE /* Debug */,
				F21E4F731D3B878000179FEE /* Release */,
			);
			defaultConfigurationIsVisible = 0;
			defaultConfigurationName = Release;
		};
		F21E4F741D3B878000179FEE /* Build configuration list for PBXNativeTarget "reminderSimpleUITests" */ = {
			isa = XCConfigurationList;
			buildConfigurations = (
				F21E4F751D3B878000179FEE /* Debug */,
				F21E4F761D3B878000179FEE /* Release */,
			);
			defaultConfigurationIsVisible = 0;
			defaultConfigurationName = Release;
		};
/* End XCConfigurationList section */

/* Begin XCVersionGroup section */
		F21E4F4D1D3B877F00179FEE /* reminderSimple.xcdatamodeld */ = {
			isa = XCVersionGroup;
			children = (
				F21E4F4E1D3B877F00179FEE /* reminderSimple.xcdatamodel */,
			);
			currentVersion = F21E4F4E1D3B877F00179FEE /* reminderSimple.xcdatamodel */;
			path = reminderSimple.xcdatamodeld;
			sourceTree = "<group>";
			versionGroupType = wrapper.xcdatamodel;
		};
/* End XCVersionGroup section */
	};
	rootObject = F21E4F3B1D3B877F00179FEE /* Project object */;
}
